// !$*UTF8*$!
{
	archiveVersion = 1;
	classes = {
	};
	objectVersion = 50;
	objects = {

/* Begin PBXBuildFile section */
		6EB46E0E214167F3001C65D5 /* RxBoilderPlaceMac.h in Headers */ = {isa = PBXBuildFile; fileRef = 6EB46E0C214167F3001C65D5 /* RxBoilderPlaceMac.h */; settings = {ATTRIBUTES = (Public, ); }; };
		6EB46E12214167FE001C65D5 /* URLSession+HTTPManager.swift in Sources */ = {isa = PBXBuildFile; fileRef = 6EB41C6E213F189D005E9BF3 /* URLSession+HTTPManager.swift */; };
		6EB46E1321416801001C65D5 /* Data+Decodable.swift in Sources */ = {isa = PBXBuildFile; fileRef = 6EB46E002141646F001C65D5 /* Data+Decodable.swift */; };
		6EB46E1421416803001C65D5 /* HTTPServiceProtocol.swift in Sources */ = {isa = PBXBuildFile; fileRef = 6EB46E01214164E1001C65D5 /* HTTPServiceProtocol.swift */; };
		6EB46E1521416806001C65D5 /* HTTPManager.swift in Sources */ = {isa = PBXBuildFile; fileRef = 6EB41C6F213F189D005E9BF3 /* HTTPManager.swift */; };
		6EB46E162141680B001C65D5 /* ViewModelType.swift in Sources */ = {isa = PBXBuildFile; fileRef = 6EB41C6B213F15CF005E9BF3 /* ViewModelType.swift */; };
		6EB46E172141680B001C65D5 /* ViewType.swift in Sources */ = {isa = PBXBuildFile; fileRef = 6EB41C6C213F15DB005E9BF3 /* ViewType.swift */; };
		6EB46E1B21416862001C65D5 /* RxCocoa.framework in Frameworks */ = {isa = PBXBuildFile; fileRef = 6EB46E1921416862001C65D5 /* RxCocoa.framework */; };
		6EB46E1C21416862001C65D5 /* RxSwift.framework in Frameworks */ = {isa = PBXBuildFile; fileRef = 6EB46E1A21416862001C65D5 /* RxSwift.framework */; };
		6EB46E2621416A3F001C65D5 /* RxBoilerPlate_iOS.h in Headers */ = {isa = PBXBuildFile; fileRef = 6EB46E2421416A3F001C65D5 /* RxBoilerPlate_iOS.h */; settings = {ATTRIBUTES = (Public, ); }; };
		6EB46E3321416A7C001C65D5 /* RxBoilerPlate_WatchOS.h in Headers */ = {isa = PBXBuildFile; fileRef = 6EB46E3121416A7C001C65D5 /* RxBoilerPlate_WatchOS.h */; settings = {ATTRIBUTES = (Public, ); }; };
		6EB46E4021416A9D001C65D5 /* RxBoilerPlate_tvOS.h in Headers */ = {isa = PBXBuildFile; fileRef = 6EB46E3E21416A9D001C65D5 /* RxBoilerPlate_tvOS.h */; settings = {ATTRIBUTES = (Public, ); }; };
		6EB46E4621416ABD001C65D5 /* RxCocoa.framework in Frameworks */ = {isa = PBXBuildFile; fileRef = 6EB46E4421416ABD001C65D5 /* RxCocoa.framework */; };
		6EB46E4721416ABD001C65D5 /* RxSwift.framework in Frameworks */ = {isa = PBXBuildFile; fileRef = 6EB46E4521416ABD001C65D5 /* RxSwift.framework */; };
		6EB46E4821416AE6001C65D5 /* ViewModelType.swift in Sources */ = {isa = PBXBuildFile; fileRef = 6EB41C6B213F15CF005E9BF3 /* ViewModelType.swift */; };
		6EB46E4921416AE6001C65D5 /* ViewType.swift in Sources */ = {isa = PBXBuildFile; fileRef = 6EB41C6C213F15DB005E9BF3 /* ViewType.swift */; };
		6EB46E4A21416AF1001C65D5 /* HTTPManager.swift in Sources */ = {isa = PBXBuildFile; fileRef = 6EB41C6F213F189D005E9BF3 /* HTTPManager.swift */; };
		6EB46E4B21416AF1001C65D5 /* HTTPManager.swift in Sources */ = {isa = PBXBuildFile; fileRef = 6EB41C6F213F189D005E9BF3 /* HTTPManager.swift */; };
		6EB46E4C21416AF8001C65D5 /* HTTPManager.swift in Sources */ = {isa = PBXBuildFile; fileRef = 6EB41C6F213F189D005E9BF3 /* HTTPManager.swift */; };
		6EB46E4D21416AFF001C65D5 /* HTTPServiceProtocol.swift in Sources */ = {isa = PBXBuildFile; fileRef = 6EB46E01214164E1001C65D5 /* HTTPServiceProtocol.swift */; };
		6EB46E4E21416AFF001C65D5 /* HTTPServiceProtocol.swift in Sources */ = {isa = PBXBuildFile; fileRef = 6EB46E01214164E1001C65D5 /* HTTPServiceProtocol.swift */; };
		6EB46E4F21416B00001C65D5 /* HTTPServiceProtocol.swift in Sources */ = {isa = PBXBuildFile; fileRef = 6EB46E01214164E1001C65D5 /* HTTPServiceProtocol.swift */; };
		6EB46E5021416B04001C65D5 /* Data+Decodable.swift in Sources */ = {isa = PBXBuildFile; fileRef = 6EB46E002141646F001C65D5 /* Data+Decodable.swift */; };
		6EB46E5121416B05001C65D5 /* Data+Decodable.swift in Sources */ = {isa = PBXBuildFile; fileRef = 6EB46E002141646F001C65D5 /* Data+Decodable.swift */; };
		6EB46E5221416B05001C65D5 /* Data+Decodable.swift in Sources */ = {isa = PBXBuildFile; fileRef = 6EB46E002141646F001C65D5 /* Data+Decodable.swift */; };
		6EB46E5321416B09001C65D5 /* URLSession+HTTPManager.swift in Sources */ = {isa = PBXBuildFile; fileRef = 6EB41C6E213F189D005E9BF3 /* URLSession+HTTPManager.swift */; };
		6EB46E5821416B47001C65D5 /* RxCocoa.framework in Frameworks */ = {isa = PBXBuildFile; fileRef = 6EB46E5621416B47001C65D5 /* RxCocoa.framework */; };
		6EB46E5921416B47001C65D5 /* RxSwift.framework in Frameworks */ = {isa = PBXBuildFile; fileRef = 6EB46E5721416B47001C65D5 /* RxSwift.framework */; };
		6EB46E5D21416B7E001C65D5 /* RxSwift.framework in Frameworks */ = {isa = PBXBuildFile; fileRef = 6EB46E5B21416B7E001C65D5 /* RxSwift.framework */; };
		6EB46E5E21416B7E001C65D5 /* RxCocoa.framework in Frameworks */ = {isa = PBXBuildFile; fileRef = 6EB46E5C21416B7E001C65D5 /* RxCocoa.framework */; };
/* End PBXBuildFile section */

/* Begin PBXFileReference section */
		6EB41C6B213F15CF005E9BF3 /* ViewModelType.swift */ = {isa = PBXFileReference; lastKnownFileType = sourcecode.swift; path = ViewModelType.swift; sourceTree = "<group>"; };
		6EB41C6C213F15DB005E9BF3 /* ViewType.swift */ = {isa = PBXFileReference; lastKnownFileType = sourcecode.swift; path = ViewType.swift; sourceTree = "<group>"; };
		6EB41C6D213F1630005E9BF3 /* Cartfile */ = {isa = PBXFileReference; lastKnownFileType = text; path = Cartfile; sourceTree = "<group>"; };
		6EB41C6E213F189D005E9BF3 /* URLSession+HTTPManager.swift */ = {isa = PBXFileReference; lastKnownFileType = sourcecode.swift; path = "URLSession+HTTPManager.swift"; sourceTree = "<group>"; };
		6EB41C6F213F189D005E9BF3 /* HTTPManager.swift */ = {isa = PBXFileReference; lastKnownFileType = sourcecode.swift; path = HTTPManager.swift; sourceTree = "<group>"; };
		6EB46E002141646F001C65D5 /* Data+Decodable.swift */ = {isa = PBXFileReference; lastKnownFileType = sourcecode.swift; path = "Data+Decodable.swift"; sourceTree = "<group>"; };
		6EB46E01214164E1001C65D5 /* HTTPServiceProtocol.swift */ = {isa = PBXFileReference; lastKnownFileType = sourcecode.swift; path = HTTPServiceProtocol.swift; sourceTree = "<group>"; };
		6EB46E09214167F3001C65D5 /* RxBoilderPlaceMac.framework */ = {isa = PBXFileReference; explicitFileType = wrapper.framework; includeInIndex = 0; path = RxBoilderPlaceMac.framework; sourceTree = BUILT_PRODUCTS_DIR; };
		6EB46E0C214167F3001C65D5 /* RxBoilderPlaceMac.h */ = {isa = PBXFileReference; lastKnownFileType = sourcecode.c.h; path = RxBoilderPlaceMac.h; sourceTree = "<group>"; };
		6EB46E0D214167F3001C65D5 /* Info.plist */ = {isa = PBXFileReference; lastKnownFileType = text.plist.xml; path = Info.plist; sourceTree = "<group>"; };
		6EB46E1921416862001C65D5 /* RxCocoa.framework */ = {isa = PBXFileReference; lastKnownFileType = wrapper.framework; name = RxCocoa.framework; path = Carthage/Build/Mac/RxCocoa.framework; sourceTree = "<group>"; };
		6EB46E1A21416862001C65D5 /* RxSwift.framework */ = {isa = PBXFileReference; lastKnownFileType = wrapper.framework; name = RxSwift.framework; path = Carthage/Build/Mac/RxSwift.framework; sourceTree = "<group>"; };
		6EB46E2221416A3F001C65D5 /* RxBoilerPlate_iOS.framework */ = {isa = PBXFileReference; explicitFileType = wrapper.framework; includeInIndex = 0; path = RxBoilerPlate_iOS.framework; sourceTree = BUILT_PRODUCTS_DIR; };
		6EB46E2421416A3F001C65D5 /* RxBoilerPlate_iOS.h */ = {isa = PBXFileReference; lastKnownFileType = sourcecode.c.h; path = RxBoilerPlate_iOS.h; sourceTree = "<group>"; };
		6EB46E2521416A3F001C65D5 /* Info.plist */ = {isa = PBXFileReference; lastKnownFileType = text.plist.xml; path = Info.plist; sourceTree = "<group>"; };
		6EB46E2F21416A7C001C65D5 /* RxBoilerPlate_WatchOS.framework */ = {isa = PBXFileReference; explicitFileType = wrapper.framework; includeInIndex = 0; path = RxBoilerPlate_WatchOS.framework; sourceTree = BUILT_PRODUCTS_DIR; };
		6EB46E3121416A7C001C65D5 /* RxBoilerPlate_WatchOS.h */ = {isa = PBXFileReference; lastKnownFileType = sourcecode.c.h; path = RxBoilerPlate_WatchOS.h; sourceTree = "<group>"; };
		6EB46E3221416A7C001C65D5 /* Info.plist */ = {isa = PBXFileReference; lastKnownFileType = text.plist.xml; path = Info.plist; sourceTree = "<group>"; };
		6EB46E3C21416A9D001C65D5 /* RxBoilerPlate_tvOS.framework */ = {isa = PBXFileReference; explicitFileType = wrapper.framework; includeInIndex = 0; path = RxBoilerPlate_tvOS.framework; sourceTree = BUILT_PRODUCTS_DIR; };
		6EB46E3E21416A9D001C65D5 /* RxBoilerPlate_tvOS.h */ = {isa = PBXFileReference; lastKnownFileType = sourcecode.c.h; path = RxBoilerPlate_tvOS.h; sourceTree = "<group>"; };
		6EB46E3F21416A9D001C65D5 /* Info.plist */ = {isa = PBXFileReference; lastKnownFileType = text.plist.xml; path = Info.plist; sourceTree = "<group>"; };
		6EB46E4421416ABD001C65D5 /* RxCocoa.framework */ = {isa = PBXFileReference; lastKnownFileType = wrapper.framework; name = RxCocoa.framework; path = Carthage/Build/iOS/RxCocoa.framework; sourceTree = "<group>"; };
		6EB46E4521416ABD001C65D5 /* RxSwift.framework */ = {isa = PBXFileReference; lastKnownFileType = wrapper.framework; name = RxSwift.framework; path = Carthage/Build/iOS/RxSwift.framework; sourceTree = "<group>"; };
		6EB46E5621416B47001C65D5 /* RxCocoa.framework */ = {isa = PBXFileReference; lastKnownFileType = wrapper.framework; name = RxCocoa.framework; path = Carthage/Build/watchOS/RxCocoa.framework; sourceTree = "<group>"; };
		6EB46E5721416B47001C65D5 /* RxSwift.framework */ = {isa = PBXFileReference; lastKnownFileType = wrapper.framework; name = RxSwift.framework; path = Carthage/Build/watchOS/RxSwift.framework; sourceTree = "<group>"; };
		6EB46E5B21416B7E001C65D5 /* RxSwift.framework */ = {isa = PBXFileReference; lastKnownFileType = wrapper.framework; name = RxSwift.framework; path = Carthage/Build/tvOS/RxSwift.framework; sourceTree = "<group>"; };
		6EB46E5C21416B7E001C65D5 /* RxCocoa.framework */ = {isa = PBXFileReference; lastKnownFileType = wrapper.framework; name = RxCocoa.framework; path = Carthage/Build/tvOS/RxCocoa.framework; sourceTree = "<group>"; };
		6EB46E5F21417122001C65D5 /* README.md */ = {isa = PBXFileReference; lastKnownFileType = net.daringfireball.markdown; path = README.md; sourceTree = "<group>"; };
/* End PBXFileReference section */

/* Begin PBXFrameworksBuildPhase section */
		6EB46E05214167F3001C65D5 /* Frameworks */ = {
			isa = PBXFrameworksBuildPhase;
			buildActionMask = 2147483647;
			files = (
				6EB46E1B21416862001C65D5 /* RxCocoa.framework in Frameworks */,
				6EB46E1C21416862001C65D5 /* RxSwift.framework in Frameworks */,
			);
			runOnlyForDeploymentPostprocessing = 0;
		};
		6EB46E1E21416A3F001C65D5 /* Frameworks */ = {
			isa = PBXFrameworksBuildPhase;
			buildActionMask = 2147483647;
			files = (
				6EB46E4621416ABD001C65D5 /* RxCocoa.framework in Frameworks */,
				6EB46E4721416ABD001C65D5 /* RxSwift.framework in Frameworks */,
			);
			runOnlyForDeploymentPostprocessing = 0;
		};
		6EB46E2B21416A7C001C65D5 /* Frameworks */ = {
			isa = PBXFrameworksBuildPhase;
			buildActionMask = 2147483647;
			files = (
				6EB46E5821416B47001C65D5 /* RxCocoa.framework in Frameworks */,
				6EB46E5921416B47001C65D5 /* RxSwift.framework in Frameworks */,
			);
			runOnlyForDeploymentPostprocessing = 0;
		};
		6EB46E3821416A9D001C65D5 /* Frameworks */ = {
			isa = PBXFrameworksBuildPhase;
			buildActionMask = 2147483647;
			files = (
				6EB46E5D21416B7E001C65D5 /* RxSwift.framework in Frameworks */,
				6EB46E5E21416B7E001C65D5 /* RxCocoa.framework in Frameworks */,
			);
			runOnlyForDeploymentPostprocessing = 0;
		};
/* End PBXFrameworksBuildPhase section */

/* Begin PBXGroup section */
		6EB41C5E213EE4A3005E9BF3 = {
			isa = PBXGroup;
			children = (
				6EB46E5F21417122001C65D5 /* README.md */,
				6EB41C6D213F1630005E9BF3 /* Cartfile */,
				6EB41C65213EE4AD005E9BF3 /* Source */,
				6EB46E0B214167F3001C65D5 /* RxBoilerPlace Mac */,
				6EB46E2321416A3F001C65D5 /* RxBoilerPlate iOS */,
				6EB46E3021416A7C001C65D5 /* RxBoilerPlate WatchOS */,
				6EB46E3D21416A9D001C65D5 /* RxBoilerPlate tvOS */,
				6EB46E0A214167F3001C65D5 /* Products */,
				6EB46E1821416861001C65D5 /* Frameworks */,
			);
			sourceTree = "<group>";
		};
		6EB41C65213EE4AD005E9BF3 /* Source */ = {
			isa = PBXGroup;
			children = (
				6EB46DFF21416437001C65D5 /* Extensions */,
				6EB41C67213F1575005E9BF3 /* Protocols */,
			);
			path = Source;
			sourceTree = "<group>";
		};
		6EB41C67213F1575005E9BF3 /* Protocols */ = {
			isa = PBXGroup;
			children = (
				6EB41C6A213F15AB005E9BF3 /* Services */,
				6EB41C69213F1596005E9BF3 /* Managers */,
				6EB41C68213F1584005E9BF3 /* Architecture */,
			);
			path = Protocols;
			sourceTree = "<group>";
		};
		6EB41C68213F1584005E9BF3 /* Architecture */ = {
			isa = PBXGroup;
			children = (
				6EB41C6B213F15CF005E9BF3 /* ViewModelType.swift */,
				6EB41C6C213F15DB005E9BF3 /* ViewType.swift */,
			);
			path = Architecture;
			sourceTree = "<group>";
		};
		6EB41C69213F1596005E9BF3 /* Managers */ = {
			isa = PBXGroup;
			children = (
				6EB41C6F213F189D005E9BF3 /* HTTPManager.swift */,
			);
			path = Managers;
			sourceTree = "<group>";
		};
		6EB41C6A213F15AB005E9BF3 /* Services */ = {
			isa = PBXGroup;
			children = (
				6EB46E01214164E1001C65D5 /* HTTPServiceProtocol.swift */,
			);
			path = Services;
			sourceTree = "<group>";
		};
		6EB46DFF21416437001C65D5 /* Extensions */ = {
			isa = PBXGroup;
			children = (
				6EB46E0321416511001C65D5 /* Managers */,
				6EB46E0221416504001C65D5 /* Structures */,
			);
			path = Extensions;
			sourceTree = "<group>";
		};
		6EB46E0221416504001C65D5 /* Structures */ = {
			isa = PBXGroup;
			children = (
				6EB46E002141646F001C65D5 /* Data+Decodable.swift */,
			);
			path = Structures;
			sourceTree = "<group>";
		};
		6EB46E0321416511001C65D5 /* Managers */ = {
			isa = PBXGroup;
			children = (
				6EB41C6E213F189D005E9BF3 /* URLSession+HTTPManager.swift */,
			);
			path = Managers;
			sourceTree = "<group>";
		};
		6EB46E0A214167F3001C65D5 /* Products */ = {
			isa = PBXGroup;
			children = (
				6EB46E09214167F3001C65D5 /* RxBoilderPlaceMac.framework */,
				6EB46E2221416A3F001C65D5 /* RxBoilerPlate_iOS.framework */,
				6EB46E2F21416A7C001C65D5 /* RxBoilerPlate_WatchOS.framework */,
				6EB46E3C21416A9D001C65D5 /* RxBoilerPlate_tvOS.framework */,
			);
			name = Products;
			sourceTree = "<group>";
		};
		6EB46E0B214167F3001C65D5 /* RxBoilerPlace Mac */ = {
			isa = PBXGroup;
			children = (
				6EB46E0C214167F3001C65D5 /* RxBoilderPlaceMac.h */,
				6EB46E0D214167F3001C65D5 /* Info.plist */,
			);
			path = "RxBoilerPlace Mac";
			sourceTree = "<group>";
		};
		6EB46E1821416861001C65D5 /* Frameworks */ = {
			isa = PBXGroup;
			children = (
				6EB46E5C21416B7E001C65D5 /* RxCocoa.framework */,
				6EB46E5B21416B7E001C65D5 /* RxSwift.framework */,
				6EB46E5621416B47001C65D5 /* RxCocoa.framework */,
				6EB46E5721416B47001C65D5 /* RxSwift.framework */,
				6EB46E4421416ABD001C65D5 /* RxCocoa.framework */,
				6EB46E4521416ABD001C65D5 /* RxSwift.framework */,
				6EB46E1921416862001C65D5 /* RxCocoa.framework */,
				6EB46E1A21416862001C65D5 /* RxSwift.framework */,
			);
			name = Frameworks;
			sourceTree = "<group>";
		};
		6EB46E2321416A3F001C65D5 /* RxBoilerPlate iOS */ = {
			isa = PBXGroup;
			children = (
				6EB46E2421416A3F001C65D5 /* RxBoilerPlate_iOS.h */,
				6EB46E2521416A3F001C65D5 /* Info.plist */,
			);
			path = "RxBoilerPlate iOS";
			sourceTree = "<group>";
		};
		6EB46E3021416A7C001C65D5 /* RxBoilerPlate WatchOS */ = {
			isa = PBXGroup;
			children = (
				6EB46E3121416A7C001C65D5 /* RxBoilerPlate_WatchOS.h */,
				6EB46E3221416A7C001C65D5 /* Info.plist */,
			);
			path = "RxBoilerPlate WatchOS";
			sourceTree = "<group>";
		};
		6EB46E3D21416A9D001C65D5 /* RxBoilerPlate tvOS */ = {
			isa = PBXGroup;
			children = (
				6EB46E3E21416A9D001C65D5 /* RxBoilerPlate_tvOS.h */,
				6EB46E3F21416A9D001C65D5 /* Info.plist */,
			);
			path = "RxBoilerPlate tvOS";
			sourceTree = "<group>";
		};
/* End PBXGroup section */

/* Begin PBXHeadersBuildPhase section */
		6EB46E06214167F3001C65D5 /* Headers */ = {
			isa = PBXHeadersBuildPhase;
			buildActionMask = 2147483647;
			files = (
				6EB46E0E214167F3001C65D5 /* RxBoilderPlaceMac.h in Headers */,
			);
			runOnlyForDeploymentPostprocessing = 0;
		};
		6EB46E1F21416A3F001C65D5 /* Headers */ = {
			isa = PBXHeadersBuildPhase;
			buildActionMask = 2147483647;
			files = (
				6EB46E2621416A3F001C65D5 /* RxBoilerPlate_iOS.h in Headers */,
			);
			runOnlyForDeploymentPostprocessing = 0;
		};
		6EB46E2C21416A7C001C65D5 /* Headers */ = {
			isa = PBXHeadersBuildPhase;
			buildActionMask = 2147483647;
			files = (
				6EB46E3321416A7C001C65D5 /* RxBoilerPlate_WatchOS.h in Headers */,
			);
			runOnlyForDeploymentPostprocessing = 0;
		};
		6EB46E3921416A9D001C65D5 /* Headers */ = {
			isa = PBXHeadersBuildPhase;
			buildActionMask = 2147483647;
			files = (
				6EB46E4021416A9D001C65D5 /* RxBoilerPlate_tvOS.h in Headers */,
			);
			runOnlyForDeploymentPostprocessing = 0;
		};
/* End PBXHeadersBuildPhase section */

/* Begin PBXNativeTarget section */
		6EB46E08214167F3001C65D5 /* RxBoilderPlaceMac */ = {
			isa = PBXNativeTarget;
			buildConfigurationList = 6EB46E0F214167F3001C65D5 /* Build configuration list for PBXNativeTarget "RxBoilderPlaceMac" */;
			buildPhases = (
				6EB46E04214167F3001C65D5 /* Sources */,
				6EB46E05214167F3001C65D5 /* Frameworks */,
				6EB46E06214167F3001C65D5 /* Headers */,
				6EB46E07214167F3001C65D5 /* Resources */,
			);
			buildRules = (
			);
			dependencies = (
			);
			name = RxBoilderPlaceMac;
			productName = RxBoilderPlaceMac;
			productReference = 6EB46E09214167F3001C65D5 /* RxBoilderPlaceMac.framework */;
			productType = "com.apple.product-type.framework";
		};
		6EB46E2121416A3F001C65D5 /* RxBoilerPlate iOS */ = {
			isa = PBXNativeTarget;
			buildConfigurationList = 6EB46E2721416A3F001C65D5 /* Build configuration list for PBXNativeTarget "RxBoilerPlate iOS" */;
			buildPhases = (
				6EB46E1D21416A3F001C65D5 /* Sources */,
				6EB46E1E21416A3F001C65D5 /* Frameworks */,
				6EB46E1F21416A3F001C65D5 /* Headers */,
				6EB46E2021416A3F001C65D5 /* Resources */,
			);
			buildRules = (
			);
			dependencies = (
			);
			name = "RxBoilerPlate iOS";
			productName = "RxBoilerPlate iOS";
			productReference = 6EB46E2221416A3F001C65D5 /* RxBoilerPlate_iOS.framework */;
			productType = "com.apple.product-type.framework";
		};
		6EB46E2E21416A7C001C65D5 /* RxBoilerPlate WatchOS */ = {
			isa = PBXNativeTarget;
			buildConfigurationList = 6EB46E3421416A7C001C65D5 /* Build configuration list for PBXNativeTarget "RxBoilerPlate WatchOS" */;
			buildPhases = (
				6EB46E2A21416A7C001C65D5 /* Sources */,
				6EB46E2B21416A7C001C65D5 /* Frameworks */,
				6EB46E2C21416A7C001C65D5 /* Headers */,
				6EB46E2D21416A7C001C65D5 /* Resources */,
			);
			buildRules = (
			);
			dependencies = (
			);
			name = "RxBoilerPlate WatchOS";
			productName = "RxBoilerPlate WatchOS";
			productReference = 6EB46E2F21416A7C001C65D5 /* RxBoilerPlate_WatchOS.framework */;
			productType = "com.apple.product-type.framework";
		};
		6EB46E3B21416A9D001C65D5 /* RxBoilerPlate tvOS */ = {
			isa = PBXNativeTarget;
			buildConfigurationList = 6EB46E4121416A9D001C65D5 /* Build configuration list for PBXNativeTarget "RxBoilerPlate tvOS" */;
			buildPhases = (
				6EB46E3721416A9D001C65D5 /* Sources */,
				6EB46E3821416A9D001C65D5 /* Frameworks */,
				6EB46E3921416A9D001C65D5 /* Headers */,
				6EB46E3A21416A9D001C65D5 /* Resources */,
			);
			buildRules = (
			);
			dependencies = (
			);
			name = "RxBoilerPlate tvOS";
			productName = "RxBoilerPlate tvOS";
			productReference = 6EB46E3C21416A9D001C65D5 /* RxBoilerPlate_tvOS.framework */;
			productType = "com.apple.product-type.framework";
		};
/* End PBXNativeTarget section */

/* Begin PBXProject section */
		6EB41C5F213EE4A3005E9BF3 /* Project object */ = {
			isa = PBXProject;
			attributes = {
				LastUpgradeCheck = 0940;
				TargetAttributes = {
					6EB46E08214167F3001C65D5 = {
						CreatedOnToolsVersion = 9.4.1;
					};
					6EB46E2121416A3F001C65D5 = {
						CreatedOnToolsVersion = 9.4.1;
					};
					6EB46E2E21416A7C001C65D5 = {
						CreatedOnToolsVersion = 9.4.1;
					};
					6EB46E3B21416A9D001C65D5 = {
						CreatedOnToolsVersion = 9.4.1;
					};
				};
			};
			buildConfigurationList = 6EB41C62213EE4A3005E9BF3 /* Build configuration list for PBXProject "RxBoilerPlate" */;
			compatibilityVersion = "Xcode 9.3";
			developmentRegion = en;
			hasScannedForEncodings = 0;
			knownRegions = (
				en,
			);
			mainGroup = 6EB41C5E213EE4A3005E9BF3;
			productRefGroup = 6EB46E0A214167F3001C65D5 /* Products */;
			projectDirPath = "";
			projectRoot = "";
			targets = (
				6EB46E08214167F3001C65D5 /* RxBoilderPlaceMac */,
				6EB46E2121416A3F001C65D5 /* RxBoilerPlate iOS */,
				6EB46E2E21416A7C001C65D5 /* RxBoilerPlate WatchOS */,
				6EB46E3B21416A9D001C65D5 /* RxBoilerPlate tvOS */,
			);
		};
/* End PBXProject section */

/* Begin PBXResourcesBuildPhase section */
		6EB46E07214167F3001C65D5 /* Resources */ = {
			isa = PBXResourcesBuildPhase;
			buildActionMask = 2147483647;
			files = (
			);
			runOnlyForDeploymentPostprocessing = 0;
		};
		6EB46E2021416A3F001C65D5 /* Resources */ = {
			isa = PBXResourcesBuildPhase;
			buildActionMask = 2147483647;
			files = (
			);
			runOnlyForDeploymentPostprocessing = 0;
		};
		6EB46E2D21416A7C001C65D5 /* Resources */ = {
			isa = PBXResourcesBuildPhase;
			buildActionMask = 2147483647;
			files = (
			);
			runOnlyForDeploymentPostprocessing = 0;
		};
		6EB46E3A21416A9D001C65D5 /* Resources */ = {
			isa = PBXResourcesBuildPhase;
			buildActionMask = 2147483647;
			files = (
			);
			runOnlyForDeploymentPostprocessing = 0;
		};
/* End PBXResourcesBuildPhase section */

/* Begin PBXSourcesBuildPhase section */
		6EB46E04214167F3001C65D5 /* Sources */ = {
			isa = PBXSourcesBuildPhase;
			buildActionMask = 2147483647;
			files = (
				6EB46E172141680B001C65D5 /* ViewType.swift in Sources */,
				6EB46E12214167FE001C65D5 /* URLSession+HTTPManager.swift in Sources */,
				6EB46E1421416803001C65D5 /* HTTPServiceProtocol.swift in Sources */,
				6EB46E1321416801001C65D5 /* Data+Decodable.swift in Sources */,
				6EB46E162141680B001C65D5 /* ViewModelType.swift in Sources */,
				6EB46E1521416806001C65D5 /* HTTPManager.swift in Sources */,
			);
			runOnlyForDeploymentPostprocessing = 0;
		};
		6EB46E1D21416A3F001C65D5 /* Sources */ = {
			isa = PBXSourcesBuildPhase;
			buildActionMask = 2147483647;
			files = (
				6EB46E5321416B09001C65D5 /* URLSession+HTTPManager.swift in Sources */,
				6EB46E4921416AE6001C65D5 /* ViewType.swift in Sources */,
				6EB46E4C21416AF8001C65D5 /* HTTPManager.swift in Sources */,
				6EB46E4821416AE6001C65D5 /* ViewModelType.swift in Sources */,
				6EB46E4D21416AFF001C65D5 /* HTTPServiceProtocol.swift in Sources */,
				6EB46E5021416B04001C65D5 /* Data+Decodable.swift in Sources */,
			);
			runOnlyForDeploymentPostprocessing = 0;
		};
		6EB46E2A21416A7C001C65D5 /* Sources */ = {
			isa = PBXSourcesBuildPhase;
			buildActionMask = 2147483647;
			files = (
				6EB46E4A21416AF1001C65D5 /* HTTPManager.swift in Sources */,
				6EB46E5121416B05001C65D5 /* Data+Decodable.swift in Sources */,
				6EB46E4E21416AFF001C65D5 /* HTTPServiceProtocol.swift in Sources */,
			);
			runOnlyForDeploymentPostprocessing = 0;
		};
		6EB46E3721416A9D001C65D5 /* Sources */ = {
			isa = PBXSourcesBuildPhase;
			buildActionMask = 2147483647;
			files = (
				6EB46E4B21416AF1001C65D5 /* HTTPManager.swift in Sources */,
				6EB46E5221416B05001C65D5 /* Data+Decodable.swift in Sources */,
				6EB46E4F21416B00001C65D5 /* HTTPServiceProtocol.swift in Sources */,
			);
			runOnlyForDeploymentPostprocessing = 0;
		};
/* End PBXSourcesBuildPhase section */

/* Begin XCBuildConfiguration section */
		6EB41C63213EE4A3005E9BF3 /* Debug */ = {
			isa = XCBuildConfiguration;
			buildSettings = {
			};
			name = Debug;
		};
		6EB41C64213EE4A3005E9BF3 /* Release */ = {
			isa = XCBuildConfiguration;
			buildSettings = {
			};
			name = Release;
		};
		6EB46E10214167F3001C65D5 /* Debug */ = {
			isa = XCBuildConfiguration;
			buildSettings = {
				ALWAYS_SEARCH_USER_PATHS = NO;
				CLANG_ANALYZER_NONNULL = YES;
				CLANG_ANALYZER_NUMBER_OBJECT_CONVERSION = YES_AGGRESSIVE;
				CLANG_CXX_LANGUAGE_STANDARD = "gnu++14";
				CLANG_CXX_LIBRARY = "libc++";
				CLANG_ENABLE_MODULES = YES;
				CLANG_ENABLE_OBJC_ARC = YES;
				CLANG_ENABLE_OBJC_WEAK = YES;
				CLANG_WARN_BLOCK_CAPTURE_AUTORELEASING = YES;
				CLANG_WARN_BOOL_CONVERSION = YES;
				CLANG_WARN_COMMA = YES;
				CLANG_WARN_CONSTANT_CONVERSION = YES;
				CLANG_WARN_DEPRECATED_OBJC_IMPLEMENTATIONS = YES;
				CLANG_WARN_DIRECT_OBJC_ISA_USAGE = YES_ERROR;
				CLANG_WARN_DOCUMENTATION_COMMENTS = YES;
				CLANG_WARN_EMPTY_BODY = YES;
				CLANG_WARN_ENUM_CONVERSION = YES;
				CLANG_WARN_INFINITE_RECURSION = YES;
				CLANG_WARN_INT_CONVERSION = YES;
				CLANG_WARN_NON_LITERAL_NULL_CONVERSION = YES;
				CLANG_WARN_OBJC_IMPLICIT_RETAIN_SELF = YES;
				CLANG_WARN_OBJC_LITERAL_CONVERSION = YES;
				CLANG_WARN_OBJC_ROOT_CLASS = YES_ERROR;
				CLANG_WARN_RANGE_LOOP_ANALYSIS = YES;
				CLANG_WARN_STRICT_PROTOTYPES = YES;
				CLANG_WARN_SUSPICIOUS_MOVE = YES;
				CLANG_WARN_UNGUARDED_AVAILABILITY = YES_AGGRESSIVE;
				CLANG_WARN_UNREACHABLE_CODE = YES;
				CLANG_WARN__DUPLICATE_METHOD_MATCH = YES;
				CODE_SIGN_IDENTITY = "Mac Developer";
				CODE_SIGN_STYLE = Automatic;
				COMBINE_HIDPI_IMAGES = YES;
				COPY_PHASE_STRIP = NO;
				CURRENT_PROJECT_VERSION = 1;
				DEBUG_INFORMATION_FORMAT = dwarf;
				DEFINES_MODULE = YES;
				DEVELOPMENT_TEAM = "";
				DYLIB_COMPATIBILITY_VERSION = 1;
				DYLIB_CURRENT_VERSION = 1;
				DYLIB_INSTALL_NAME_BASE = "@rpath";
				ENABLE_STRICT_OBJC_MSGSEND = YES;
				ENABLE_TESTABILITY = YES;
				FRAMEWORK_SEARCH_PATHS = (
					"$(inherited)",
					"$(PROJECT_DIR)/Carthage/Build/Mac",
				);
				FRAMEWORK_VERSION = A;
				GCC_C_LANGUAGE_STANDARD = gnu11;
				GCC_DYNAMIC_NO_PIC = NO;
				GCC_NO_COMMON_BLOCKS = YES;
				GCC_OPTIMIZATION_LEVEL = 0;
				GCC_PREPROCESSOR_DEFINITIONS = (
					"DEBUG=1",
					"$(inherited)",
				);
				GCC_WARN_64_TO_32_BIT_CONVERSION = YES;
				GCC_WARN_ABOUT_RETURN_TYPE = YES_ERROR;
				GCC_WARN_UNDECLARED_SELECTOR = YES;
				GCC_WARN_UNINITIALIZED_AUTOS = YES_AGGRESSIVE;
				GCC_WARN_UNUSED_FUNCTION = YES;
				GCC_WARN_UNUSED_VARIABLE = YES;
				INFOPLIST_FILE = RxBoilderPlaceMac/Info.plist;
				INSTALL_PATH = "$(LOCAL_LIBRARY_DIR)/Frameworks";
				LD_RUNPATH_SEARCH_PATHS = (
					"$(inherited)",
					"@executable_path/../Frameworks",
					"@loader_path/Frameworks",
				);
				MACOSX_DEPLOYMENT_TARGET = 10.13;
				MTL_ENABLE_DEBUG_INFO = YES;
				ONLY_ACTIVE_ARCH = YES;
				PRODUCT_BUNDLE_IDENTIFIER = dkp.RxBoilerPlaceMac;
				PRODUCT_NAME = "$(TARGET_NAME:c99extidentifier)";
				SDKROOT = macosx;
				SKIP_INSTALL = YES;
				SWIFT_ACTIVE_COMPILATION_CONDITIONS = DEBUG;
				SWIFT_OPTIMIZATION_LEVEL = "-Onone";
				SWIFT_VERSION = 4.0;
				VERSIONING_SYSTEM = "apple-generic";
				VERSION_INFO_PREFIX = "";
			};
			name = Debug;
		};
		6EB46E11214167F3001C65D5 /* Release */ = {
			isa = XCBuildConfiguration;
			buildSettings = {
				ALWAYS_SEARCH_USER_PATHS = NO;
				CLANG_ANALYZER_NONNULL = YES;
				CLANG_ANALYZER_NUMBER_OBJECT_CONVERSION = YES_AGGRESSIVE;
				CLANG_CXX_LANGUAGE_STANDARD = "gnu++14";
				CLANG_CXX_LIBRARY = "libc++";
				CLANG_ENABLE_MODULES = YES;
				CLANG_ENABLE_OBJC_ARC = YES;
				CLANG_ENABLE_OBJC_WEAK = YES;
				CLANG_WARN_BLOCK_CAPTURE_AUTORELEASING = YES;
				CLANG_WARN_BOOL_CONVERSION = YES;
				CLANG_WARN_COMMA = YES;
				CLANG_WARN_CONSTANT_CONVERSION = YES;
				CLANG_WARN_DEPRECATED_OBJC_IMPLEMENTATIONS = YES;
				CLANG_WARN_DIRECT_OBJC_ISA_USAGE = YES_ERROR;
				CLANG_WARN_DOCUMENTATION_COMMENTS = YES;
				CLANG_WARN_EMPTY_BODY = YES;
				CLANG_WARN_ENUM_CONVERSION = YES;
				CLANG_WARN_INFINITE_RECURSION = YES;
				CLANG_WARN_INT_CONVERSION = YES;
				CLANG_WARN_NON_LITERAL_NULL_CONVERSION = YES;
				CLANG_WARN_OBJC_IMPLICIT_RETAIN_SELF = YES;
				CLANG_WARN_OBJC_LITERAL_CONVERSION = YES;
				CLANG_WARN_OBJC_ROOT_CLASS = YES_ERROR;
				CLANG_WARN_RANGE_LOOP_ANALYSIS = YES;
				CLANG_WARN_STRICT_PROTOTYPES = YES;
				CLANG_WARN_SUSPICIOUS_MOVE = YES;
				CLANG_WARN_UNGUARDED_AVAILABILITY = YES_AGGRESSIVE;
				CLANG_WARN_UNREACHABLE_CODE = YES;
				CLANG_WARN__DUPLICATE_METHOD_MATCH = YES;
				CODE_SIGN_IDENTITY = "Mac Developer";
				CODE_SIGN_STYLE = Automatic;
				COMBINE_HIDPI_IMAGES = YES;
				COPY_PHASE_STRIP = NO;
				CURRENT_PROJECT_VERSION = 1;
				DEBUG_INFORMATION_FORMAT = "dwarf-with-dsym";
				DEFINES_MODULE = YES;
				DEVELOPMENT_TEAM = "";
				DYLIB_COMPATIBILITY_VERSION = 1;
				DYLIB_CURRENT_VERSION = 1;
				DYLIB_INSTALL_NAME_BASE = "@rpath";
				ENABLE_NS_ASSERTIONS = NO;
				ENABLE_STRICT_OBJC_MSGSEND = YES;
				FRAMEWORK_SEARCH_PATHS = (
					"$(inherited)",
					"$(PROJECT_DIR)/Carthage/Build/Mac",
				);
				FRAMEWORK_VERSION = A;
				GCC_C_LANGUAGE_STANDARD = gnu11;
				GCC_NO_COMMON_BLOCKS = YES;
				GCC_WARN_64_TO_32_BIT_CONVERSION = YES;
				GCC_WARN_ABOUT_RETURN_TYPE = YES_ERROR;
				GCC_WARN_UNDECLARED_SELECTOR = YES;
				GCC_WARN_UNINITIALIZED_AUTOS = YES_AGGRESSIVE;
				GCC_WARN_UNUSED_FUNCTION = YES;
				GCC_WARN_UNUSED_VARIABLE = YES;
				INFOPLIST_FILE = RxBoilderPlaceMac/Info.plist;
				INSTALL_PATH = "$(LOCAL_LIBRARY_DIR)/Frameworks";
				LD_RUNPATH_SEARCH_PATHS = (
					"$(inherited)",
					"@executable_path/../Frameworks",
					"@loader_path/Frameworks",
				);
				MACOSX_DEPLOYMENT_TARGET = 10.13;
				MTL_ENABLE_DEBUG_INFO = NO;
				PRODUCT_BUNDLE_IDENTIFIER = dkp.RxBoilerPlaceMac;
				PRODUCT_NAME = "$(TARGET_NAME:c99extidentifier)";
				SDKROOT = macosx;
				SKIP_INSTALL = YES;
				SWIFT_COMPILATION_MODE = wholemodule;
				SWIFT_OPTIMIZATION_LEVEL = "-O";
				SWIFT_VERSION = 4.0;
				VERSIONING_SYSTEM = "apple-generic";
				VERSION_INFO_PREFIX = "";
			};
			name = Release;
		};
		6EB46E2821416A3F001C65D5 /* Debug */ = {
			isa = XCBuildConfiguration;
			buildSettings = {
				ALWAYS_SEARCH_USER_PATHS = NO;
				CLANG_ANALYZER_NONNULL = YES;
				CLANG_ANALYZER_NUMBER_OBJECT_CONVERSION = YES_AGGRESSIVE;
				CLANG_CXX_LANGUAGE_STANDARD = "gnu++14";
				CLANG_CXX_LIBRARY = "libc++";
				CLANG_ENABLE_MODULES = YES;
				CLANG_ENABLE_OBJC_ARC = YES;
				CLANG_ENABLE_OBJC_WEAK = YES;
				CLANG_WARN_BLOCK_CAPTURE_AUTORELEASING = YES;
				CLANG_WARN_BOOL_CONVERSION = YES;
				CLANG_WARN_COMMA = YES;
				CLANG_WARN_CONSTANT_CONVERSION = YES;
				CLANG_WARN_DEPRECATED_OBJC_IMPLEMENTATIONS = YES;
				CLANG_WARN_DIRECT_OBJC_ISA_USAGE = YES_ERROR;
				CLANG_WARN_DOCUMENTATION_COMMENTS = YES;
				CLANG_WARN_EMPTY_BODY = YES;
				CLANG_WARN_ENUM_CONVERSION = YES;
				CLANG_WARN_INFINITE_RECURSION = YES;
				CLANG_WARN_INT_CONVERSION = YES;
				CLANG_WARN_NON_LITERAL_NULL_CONVERSION = YES;
				CLANG_WARN_OBJC_IMPLICIT_RETAIN_SELF = YES;
				CLANG_WARN_OBJC_LITERAL_CONVERSION = YES;
				CLANG_WARN_OBJC_ROOT_CLASS = YES_ERROR;
				CLANG_WARN_RANGE_LOOP_ANALYSIS = YES;
				CLANG_WARN_STRICT_PROTOTYPES = YES;
				CLANG_WARN_SUSPICIOUS_MOVE = YES;
				CLANG_WARN_UNGUARDED_AVAILABILITY = YES_AGGRESSIVE;
				CLANG_WARN_UNREACHABLE_CODE = YES;
				CLANG_WARN__DUPLICATE_METHOD_MATCH = YES;
				CODE_SIGN_IDENTITY = "iPhone Developer";
				CODE_SIGN_STYLE = Automatic;
				COPY_PHASE_STRIP = NO;
				CURRENT_PROJECT_VERSION = 1;
				DEBUG_INFORMATION_FORMAT = dwarf;
				DEFINES_MODULE = YES;
				DEVELOPMENT_TEAM = "";
				DYLIB_COMPATIBILITY_VERSION = 1;
				DYLIB_CURRENT_VERSION = 1;
				DYLIB_INSTALL_NAME_BASE = "@rpath";
				ENABLE_STRICT_OBJC_MSGSEND = YES;
				ENABLE_TESTABILITY = YES;
				FRAMEWORK_SEARCH_PATHS = (
					"$(inherited)",
					"$(PROJECT_DIR)/Carthage/Build/iOS",
				);
				GCC_C_LANGUAGE_STANDARD = gnu11;
				GCC_DYNAMIC_NO_PIC = NO;
				GCC_NO_COMMON_BLOCKS = YES;
				GCC_OPTIMIZATION_LEVEL = 0;
				GCC_PREPROCESSOR_DEFINITIONS = (
					"DEBUG=1",
					"$(inherited)",
				);
				GCC_WARN_64_TO_32_BIT_CONVERSION = YES;
				GCC_WARN_ABOUT_RETURN_TYPE = YES_ERROR;
				GCC_WARN_UNDECLARED_SELECTOR = YES;
				GCC_WARN_UNINITIALIZED_AUTOS = YES_AGGRESSIVE;
				GCC_WARN_UNUSED_FUNCTION = YES;
				GCC_WARN_UNUSED_VARIABLE = YES;
				INFOPLIST_FILE = "RxBoilerPlate iOS/Info.plist";
				INSTALL_PATH = "$(LOCAL_LIBRARY_DIR)/Frameworks";
				IPHONEOS_DEPLOYMENT_TARGET = 10.0;
				LD_RUNPATH_SEARCH_PATHS = (
					"$(inherited)",
					"@executable_path/Frameworks",
					"@loader_path/Frameworks",
				);
				MTL_ENABLE_DEBUG_INFO = YES;
				ONLY_ACTIVE_ARCH = YES;
				PRODUCT_BUNDLE_IDENTIFIER = "dkp.RxBoilerPlate-iOS";
				PRODUCT_NAME = "$(TARGET_NAME:c99extidentifier)";
				SDKROOT = iphoneos;
				SKIP_INSTALL = YES;
				SWIFT_ACTIVE_COMPILATION_CONDITIONS = DEBUG;
				SWIFT_OPTIMIZATION_LEVEL = "-Onone";
				SWIFT_VERSION = 4.0;
				TARGETED_DEVICE_FAMILY = "1,2";
				VERSIONING_SYSTEM = "apple-generic";
				VERSION_INFO_PREFIX = "";
			};
			name = Debug;
		};
		6EB46E2921416A3F001C65D5 /* Release */ = {
			isa = XCBuildConfiguration;
			buildSettings = {
				ALWAYS_SEARCH_USER_PATHS = NO;
				CLANG_ANALYZER_NONNULL = YES;
				CLANG_ANALYZER_NUMBER_OBJECT_CONVERSION = YES_AGGRESSIVE;
				CLANG_CXX_LANGUAGE_STANDARD = "gnu++14";
				CLANG_CXX_LIBRARY = "libc++";
				CLANG_ENABLE_MODULES = YES;
				CLANG_ENABLE_OBJC_ARC = YES;
				CLANG_ENABLE_OBJC_WEAK = YES;
				CLANG_WARN_BLOCK_CAPTURE_AUTORELEASING = YES;
				CLANG_WARN_BOOL_CONVERSION = YES;
				CLANG_WARN_COMMA = YES;
				CLANG_WARN_CONSTANT_CONVERSION = YES;
				CLANG_WARN_DEPRECATED_OBJC_IMPLEMENTATIONS = YES;
				CLANG_WARN_DIRECT_OBJC_ISA_USAGE = YES_ERROR;
				CLANG_WARN_DOCUMENTATION_COMMENTS = YES;
				CLANG_WARN_EMPTY_BODY = YES;
				CLANG_WARN_ENUM_CONVERSION = YES;
				CLANG_WARN_INFINITE_RECURSION = YES;
				CLANG_WARN_INT_CONVERSION = YES;
				CLANG_WARN_NON_LITERAL_NULL_CONVERSION = YES;
				CLANG_WARN_OBJC_IMPLICIT_RETAIN_SELF = YES;
				CLANG_WARN_OBJC_LITERAL_CONVERSION = YES;
				CLANG_WARN_OBJC_ROOT_CLASS = YES_ERROR;
				CLANG_WARN_RANGE_LOOP_ANALYSIS = YES;
				CLANG_WARN_STRICT_PROTOTYPES = YES;
				CLANG_WARN_SUSPICIOUS_MOVE = YES;
				CLANG_WARN_UNGUARDED_AVAILABILITY = YES_AGGRESSIVE;
				CLANG_WARN_UNREACHABLE_CODE = YES;
				CLANG_WARN__DUPLICATE_METHOD_MATCH = YES;
				CODE_SIGN_IDENTITY = "iPhone Developer";
				CODE_SIGN_STYLE = Automatic;
				COPY_PHASE_STRIP = NO;
				CURRENT_PROJECT_VERSION = 1;
				DEBUG_INFORMATION_FORMAT = "dwarf-with-dsym";
				DEFINES_MODULE = YES;
				DEVELOPMENT_TEAM = "";
				DYLIB_COMPATIBILITY_VERSION = 1;
				DYLIB_CURRENT_VERSION = 1;
				DYLIB_INSTALL_NAME_BASE = "@rpath";
				ENABLE_NS_ASSERTIONS = NO;
				ENABLE_STRICT_OBJC_MSGSEND = YES;
				FRAMEWORK_SEARCH_PATHS = (
					"$(inherited)",
					"$(PROJECT_DIR)/Carthage/Build/iOS",
				);
				GCC_C_LANGUAGE_STANDARD = gnu11;
				GCC_NO_COMMON_BLOCKS = YES;
				GCC_WARN_64_TO_32_BIT_CONVERSION = YES;
				GCC_WARN_ABOUT_RETURN_TYPE = YES_ERROR;
				GCC_WARN_UNDECLARED_SELECTOR = YES;
				GCC_WARN_UNINITIALIZED_AUTOS = YES_AGGRESSIVE;
				GCC_WARN_UNUSED_FUNCTION = YES;
				GCC_WARN_UNUSED_VARIABLE = YES;
				INFOPLIST_FILE = "RxBoilerPlate iOS/Info.plist";
				INSTALL_PATH = "$(LOCAL_LIBRARY_DIR)/Frameworks";
				IPHONEOS_DEPLOYMENT_TARGET = 10.0;
				LD_RUNPATH_SEARCH_PATHS = (
					"$(inherited)",
					"@executable_path/Frameworks",
					"@loader_path/Frameworks",
				);
				MTL_ENABLE_DEBUG_INFO = NO;
				PRODUCT_BUNDLE_IDENTIFIER = "dkp.RxBoilerPlate-iOS";
				PRODUCT_NAME = "$(TARGET_NAME:c99extidentifier)";
				SDKROOT = iphoneos;
				SKIP_INSTALL = YES;
				SWIFT_COMPILATION_MODE = wholemodule;
				SWIFT_OPTIMIZATION_LEVEL = "-O";
				SWIFT_VERSION = 4.0;
				TARGETED_DEVICE_FAMILY = "1,2";
				VALIDATE_PRODUCT = YES;
				VERSIONING_SYSTEM = "apple-generic";
				VERSION_INFO_PREFIX = "";
			};
			name = Release;
		};
		6EB46E3521416A7C001C65D5 /* Debug */ = {
			isa = XCBuildConfiguration;
			buildSettings = {
				ALWAYS_SEARCH_USER_PATHS = NO;
				APPLICATION_EXTENSION_API_ONLY = YES;
				CLANG_ANALYZER_NONNULL = YES;
				CLANG_ANALYZER_NUMBER_OBJECT_CONVERSION = YES_AGGRESSIVE;
				CLANG_CXX_LANGUAGE_STANDARD = "gnu++14";
				CLANG_CXX_LIBRARY = "libc++";
				CLANG_ENABLE_MODULES = YES;
				CLANG_ENABLE_OBJC_ARC = YES;
				CLANG_ENABLE_OBJC_WEAK = YES;
				CLANG_WARN_BLOCK_CAPTURE_AUTORELEASING = YES;
				CLANG_WARN_BOOL_CONVERSION = YES;
				CLANG_WARN_COMMA = YES;
				CLANG_WARN_CONSTANT_CONVERSION = YES;
				CLANG_WARN_DEPRECATED_OBJC_IMPLEMENTATIONS = YES;
				CLANG_WARN_DIRECT_OBJC_ISA_USAGE = YES_ERROR;
				CLANG_WARN_DOCUMENTATION_COMMENTS = YES;
				CLANG_WARN_EMPTY_BODY = YES;
				CLANG_WARN_ENUM_CONVERSION = YES;
				CLANG_WARN_INFINITE_RECURSION = YES;
				CLANG_WARN_INT_CONVERSION = YES;
				CLANG_WARN_NON_LITERAL_NULL_CONVERSION = YES;
				CLANG_WARN_OBJC_IMPLICIT_RETAIN_SELF = YES;
				CLANG_WARN_OBJC_LITERAL_CONVERSION = YES;
				CLANG_WARN_OBJC_ROOT_CLASS = YES_ERROR;
				CLANG_WARN_RANGE_LOOP_ANALYSIS = YES;
				CLANG_WARN_STRICT_PROTOTYPES = YES;
				CLANG_WARN_SUSPICIOUS_MOVE = YES;
				CLANG_WARN_UNGUARDED_AVAILABILITY = YES_AGGRESSIVE;
				CLANG_WARN_UNREACHABLE_CODE = YES;
				CLANG_WARN__DUPLICATE_METHOD_MATCH = YES;
				CODE_SIGN_IDENTITY = "";
				CODE_SIGN_STYLE = Automatic;
				COPY_PHASE_STRIP = NO;
				CURRENT_PROJECT_VERSION = 1;
				DEBUG_INFORMATION_FORMAT = dwarf;
				DEFINES_MODULE = YES;
				DEVELOPMENT_TEAM = "";
				DYLIB_COMPATIBILITY_VERSION = 1;
				DYLIB_CURRENT_VERSION = 1;
				DYLIB_INSTALL_NAME_BASE = "@rpath";
				ENABLE_STRICT_OBJC_MSGSEND = YES;
				ENABLE_TESTABILITY = YES;
				FRAMEWORK_SEARCH_PATHS = (
					"$(inherited)",
					"$(PROJECT_DIR)/Carthage/Build/watchOS",
				);
				GCC_C_LANGUAGE_STANDARD = gnu11;
				GCC_DYNAMIC_NO_PIC = NO;
				GCC_NO_COMMON_BLOCKS = YES;
				GCC_OPTIMIZATION_LEVEL = 0;
				GCC_PREPROCESSOR_DEFINITIONS = (
					"DEBUG=1",
					"$(inherited)",
				);
				GCC_WARN_64_TO_32_BIT_CONVERSION = YES;
				GCC_WARN_ABOUT_RETURN_TYPE = YES_ERROR;
				GCC_WARN_UNDECLARED_SELECTOR = YES;
				GCC_WARN_UNINITIALIZED_AUTOS = YES_AGGRESSIVE;
				GCC_WARN_UNUSED_FUNCTION = YES;
				GCC_WARN_UNUSED_VARIABLE = YES;
				INFOPLIST_FILE = "RxBoilerPlate WatchOS/Info.plist";
				INSTALL_PATH = "$(LOCAL_LIBRARY_DIR)/Frameworks";
				LD_RUNPATH_SEARCH_PATHS = (
					"$(inherited)",
					"@executable_path/Frameworks",
					"@loader_path/Frameworks",
				);
				MTL_ENABLE_DEBUG_INFO = YES;
				ONLY_ACTIVE_ARCH = YES;
				PRODUCT_BUNDLE_IDENTIFIER = "dkp.RxBoilerPlate-WatchOS";
				PRODUCT_NAME = "$(TARGET_NAME:c99extidentifier)";
				SDKROOT = watchos;
				SKIP_INSTALL = YES;
				SWIFT_ACTIVE_COMPILATION_CONDITIONS = DEBUG;
				SWIFT_OPTIMIZATION_LEVEL = "-Onone";
				SWIFT_VERSION = 4.0;
				TARGETED_DEVICE_FAMILY = 4;
				VERSIONING_SYSTEM = "apple-generic";
				VERSION_INFO_PREFIX = "";
				WATCHOS_DEPLOYMENT_TARGET = 4.3;
			};
			name = Debug;
		};
		6EB46E3621416A7C001C65D5 /* Release */ = {
			isa = XCBuildConfiguration;
			buildSettings = {
				ALWAYS_SEARCH_USER_PATHS = NO;
				APPLICATION_EXTENSION_API_ONLY = YES;
				CLANG_ANALYZER_NONNULL = YES;
				CLANG_ANALYZER_NUMBER_OBJECT_CONVERSION = YES_AGGRESSIVE;
				CLANG_CXX_LANGUAGE_STANDARD = "gnu++14";
				CLANG_CXX_LIBRARY = "libc++";
				CLANG_ENABLE_MODULES = YES;
				CLANG_ENABLE_OBJC_ARC = YES;
				CLANG_ENABLE_OBJC_WEAK = YES;
				CLANG_WARN_BLOCK_CAPTURE_AUTORELEASING = YES;
				CLANG_WARN_BOOL_CONVERSION = YES;
				CLANG_WARN_COMMA = YES;
				CLANG_WARN_CONSTANT_CONVERSION = YES;
				CLANG_WARN_DEPRECATED_OBJC_IMPLEMENTATIONS = YES;
				CLANG_WARN_DIRECT_OBJC_ISA_USAGE = YES_ERROR;
				CLANG_WARN_DOCUMENTATION_COMMENTS = YES;
				CLANG_WARN_EMPTY_BODY = YES;
				CLANG_WARN_ENUM_CONVERSION = YES;
				CLANG_WARN_INFINITE_RECURSION = YES;
				CLANG_WARN_INT_CONVERSION = YES;
				CLANG_WARN_NON_LITERAL_NULL_CONVERSION = YES;
				CLANG_WARN_OBJC_IMPLICIT_RETAIN_SELF = YES;
				CLANG_WARN_OBJC_LITERAL_CONVERSION = YES;
				CLANG_WARN_OBJC_ROOT_CLASS = YES_ERROR;
				CLANG_WARN_RANGE_LOOP_ANALYSIS = YES;
				CLANG_WARN_STRICT_PROTOTYPES = YES;
				CLANG_WARN_SUSPICIOUS_MOVE = YES;
				CLANG_WARN_UNGUARDED_AVAILABILITY = YES_AGGRESSIVE;
				CLANG_WARN_UNREACHABLE_CODE = YES;
				CLANG_WARN__DUPLICATE_METHOD_MATCH = YES;
				CODE_SIGN_IDENTITY = "";
				CODE_SIGN_STYLE = Automatic;
				COPY_PHASE_STRIP = NO;
				CURRENT_PROJECT_VERSION = 1;
				DEBUG_INFORMATION_FORMAT = "dwarf-with-dsym";
				DEFINES_MODULE = YES;
				DEVELOPMENT_TEAM = "";
				DYLIB_COMPATIBILITY_VERSION = 1;
				DYLIB_CURRENT_VERSION = 1;
				DYLIB_INSTALL_NAME_BASE = "@rpath";
				ENABLE_NS_ASSERTIONS = NO;
				ENABLE_STRICT_OBJC_MSGSEND = YES;
				FRAMEWORK_SEARCH_PATHS = (
					"$(inherited)",
					"$(PROJECT_DIR)/Carthage/Build/watchOS",
				);
				GCC_C_LANGUAGE_STANDARD = gnu11;
				GCC_NO_COMMON_BLOCKS = YES;
				GCC_WARN_64_TO_32_BIT_CONVERSION = YES;
				GCC_WARN_ABOUT_RETURN_TYPE = YES_ERROR;
				GCC_WARN_UNDECLARED_SELECTOR = YES;
				GCC_WARN_UNINITIALIZED_AUTOS = YES_AGGRESSIVE;
				GCC_WARN_UNUSED_FUNCTION = YES;
				GCC_WARN_UNUSED_VARIABLE = YES;
				INFOPLIST_FILE = "RxBoilerPlate WatchOS/Info.plist";
				INSTALL_PATH = "$(LOCAL_LIBRARY_DIR)/Frameworks";
				LD_RUNPATH_SEARCH_PATHS = (
					"$(inherited)",
					"@executable_path/Frameworks",
					"@loader_path/Frameworks",
				);
				MTL_ENABLE_DEBUG_INFO = NO;
				PRODUCT_BUNDLE_IDENTIFIER = "dkp.RxBoilerPlate-WatchOS";
				PRODUCT_NAME = "$(TARGET_NAME:c99extidentifier)";
				SDKROOT = watchos;
				SKIP_INSTALL = YES;
				SWIFT_COMPILATION_MODE = wholemodule;
				SWIFT_OPTIMIZATION_LEVEL = "-O";
				SWIFT_VERSION = 4.0;
				TARGETED_DEVICE_FAMILY = 4;
				VALIDATE_PRODUCT = YES;
				VERSIONING_SYSTEM = "apple-generic";
				VERSION_INFO_PREFIX = "";
				WATCHOS_DEPLOYMENT_TARGET = 4.3;
			};
			name = Release;
		};
		6EB46E4221416A9D001C65D5 /* Debug */ = {
			isa = XCBuildConfiguration;
			buildSettings = {
				ALWAYS_SEARCH_USER_PATHS = NO;
				CLANG_ANALYZER_NONNULL = YES;
				CLANG_ANALYZER_NUMBER_OBJECT_CONVERSION = YES_AGGRESSIVE;
				CLANG_CXX_LANGUAGE_STANDARD = "gnu++14";
				CLANG_CXX_LIBRARY = "libc++";
				CLANG_ENABLE_MODULES = YES;
				CLANG_ENABLE_OBJC_ARC = YES;
				CLANG_ENABLE_OBJC_WEAK = YES;
				CLANG_WARN_BLOCK_CAPTURE_AUTORELEASING = YES;
				CLANG_WARN_BOOL_CONVERSION = YES;
				CLANG_WARN_COMMA = YES;
				CLANG_WARN_CONSTANT_CONVERSION = YES;
				CLANG_WARN_DEPRECATED_OBJC_IMPLEMENTATIONS = YES;
				CLANG_WARN_DIRECT_OBJC_ISA_USAGE = YES_ERROR;
				CLANG_WARN_DOCUMENTATION_COMMENTS = YES;
				CLANG_WARN_EMPTY_BODY = YES;
				CLANG_WARN_ENUM_CONVERSION = YES;
				CLANG_WARN_INFINITE_RECURSION = YES;
				CLANG_WARN_INT_CONVERSION = YES;
				CLANG_WARN_NON_LITERAL_NULL_CONVERSION = YES;
				CLANG_WARN_OBJC_IMPLICIT_RETAIN_SELF = YES;
				CLANG_WARN_OBJC_LITERAL_CONVERSION = YES;
				CLANG_WARN_OBJC_ROOT_CLASS = YES_ERROR;
				CLANG_WARN_RANGE_LOOP_ANALYSIS = YES;
				CLANG_WARN_STRICT_PROTOTYPES = YES;
				CLANG_WARN_SUSPICIOUS_MOVE = YES;
				CLANG_WARN_UNGUARDED_AVAILABILITY = YES_AGGRESSIVE;
				CLANG_WARN_UNREACHABLE_CODE = YES;
				CLANG_WARN__DUPLICATE_METHOD_MATCH = YES;
				CODE_SIGN_IDENTITY = "";
				CODE_SIGN_STYLE = Automatic;
				COPY_PHASE_STRIP = NO;
				CURRENT_PROJECT_VERSION = 1;
				DEBUG_INFORMATION_FORMAT = dwarf;
				DEFINES_MODULE = YES;
				DEVELOPMENT_TEAM = "";
				DYLIB_COMPATIBILITY_VERSION = 1;
				DYLIB_CURRENT_VERSION = 1;
				DYLIB_INSTALL_NAME_BASE = "@rpath";
				ENABLE_STRICT_OBJC_MSGSEND = YES;
				ENABLE_TESTABILITY = YES;
				FRAMEWORK_SEARCH_PATHS = (
					"$(inherited)",
					"$(PROJECT_DIR)/Carthage/Build/tvOS",
				);
				GCC_C_LANGUAGE_STANDARD = gnu11;
				GCC_DYNAMIC_NO_PIC = NO;
				GCC_NO_COMMON_BLOCKS = YES;
				GCC_OPTIMIZATION_LEVEL = 0;
				GCC_PREPROCESSOR_DEFINITIONS = (
					"DEBUG=1",
					"$(inherited)",
				);
				GCC_WARN_64_TO_32_BIT_CONVERSION = YES;
				GCC_WARN_ABOUT_RETURN_TYPE = YES_ERROR;
				GCC_WARN_UNDECLARED_SELECTOR = YES;
				GCC_WARN_UNINITIALIZED_AUTOS = YES_AGGRESSIVE;
				GCC_WARN_UNUSED_FUNCTION = YES;
				GCC_WARN_UNUSED_VARIABLE = YES;
				INFOPLIST_FILE = "RxBoilerPlate tvOS/Info.plist";
				INSTALL_PATH = "$(LOCAL_LIBRARY_DIR)/Frameworks";
				LD_RUNPATH_SEARCH_PATHS = (
					"$(inherited)",
					"@executable_path/Frameworks",
					"@loader_path/Frameworks",
				);
				MTL_ENABLE_DEBUG_INFO = YES;
				ONLY_ACTIVE_ARCH = YES;
				PRODUCT_BUNDLE_IDENTIFIER = "dkp.RxBoilerPlate-tvOS";
				PRODUCT_NAME = "$(TARGET_NAME:c99extidentifier)";
				SDKROOT = appletvos;
				SKIP_INSTALL = YES;
				SWIFT_ACTIVE_COMPILATION_CONDITIONS = DEBUG;
				SWIFT_OPTIMIZATION_LEVEL = "-Onone";
				SWIFT_VERSION = 4.0;
				TARGETED_DEVICE_FAMILY = 3;
				TVOS_DEPLOYMENT_TARGET = 11.4;
				VERSIONING_SYSTEM = "apple-generic";
				VERSION_INFO_PREFIX = "";
			};
			name = Debug;
		};
		6EB46E4321416A9D001C65D5 /* Release */ = {
			isa = XCBuildConfiguration;
			buildSettings = {
				ALWAYS_SEARCH_USER_PATHS = NO;
				CLANG_ANALYZER_NONNULL = YES;
				CLANG_ANALYZER_NUMBER_OBJECT_CONVERSION = YES_AGGRESSIVE;
				CLANG_CXX_LANGUAGE_STANDARD = "gnu++14";
				CLANG_CXX_LIBRARY = "libc++";
				CLANG_ENABLE_MODULES = YES;
				CLANG_ENABLE_OBJC_ARC = YES;
				CLANG_ENABLE_OBJC_WEAK = YES;
				CLANG_WARN_BLOCK_CAPTURE_AUTORELEASING = YES;
				CLANG_WARN_BOOL_CONVERSION = YES;
				CLANG_WARN_COMMA = YES;
				CLANG_WARN_CONSTANT_CONVERSION = YES;
				CLANG_WARN_DEPRECATED_OBJC_IMPLEMENTATIONS = YES;
				CLANG_WARN_DIRECT_OBJC_ISA_USAGE = YES_ERROR;
				CLANG_WARN_DOCUMENTATION_COMMENTS = YES;
				CLANG_WARN_EMPTY_BODY = YES;
				CLANG_WARN_ENUM_CONVERSION = YES;
				CLANG_WARN_INFINITE_RECURSION = YES;
				CLANG_WARN_INT_CONVERSION = YES;
				CLANG_WARN_NON_LITERAL_NULL_CONVERSION = YES;
				CLANG_WARN_OBJC_IMPLICIT_RETAIN_SELF = YES;
				CLANG_WARN_OBJC_LITERAL_CONVERSION = YES;
				CLANG_WARN_OBJC_ROOT_CLASS = YES_ERROR;
				CLANG_WARN_RANGE_LOOP_ANALYSIS = YES;
				CLANG_WARN_STRICT_PROTOTYPES = YES;
				CLANG_WARN_SUSPICIOUS_MOVE = YES;
				CLANG_WARN_UNGUARDED_AVAILABILITY = YES_AGGRESSIVE;
				CLANG_WARN_UNREACHABLE_CODE = YES;
				CLANG_WARN__DUPLICATE_METHOD_MATCH = YES;
				CODE_SIGN_IDENTITY = "";
				CODE_SIGN_STYLE = Automatic;
				COPY_PHASE_STRIP = NO;
				CURRENT_PROJECT_VERSION = 1;
				DEBUG_INFORMATION_FORMAT = "dwarf-with-dsym";
				DEFINES_MODULE = YES;
				DEVELOPMENT_TEAM = "";
				DYLIB_COMPATIBILITY_VERSION = 1;
				DYLIB_CURRENT_VERSION = 1;
				DYLIB_INSTALL_NAME_BASE = "@rpath";
				ENABLE_NS_ASSERTIONS = NO;
				ENABLE_STRICT_OBJC_MSGSEND = YES;
				FRAMEWORK_SEARCH_PATHS = (
					"$(inherited)",
					"$(PROJECT_DIR)/Carthage/Build/tvOS",
				);
				GCC_C_LANGUAGE_STANDARD = gnu11;
				GCC_NO_COMMON_BLOCKS = YES;
				GCC_WARN_64_TO_32_BIT_CONVERSION = YES;
				GCC_WARN_ABOUT_RETURN_TYPE = YES_ERROR;
				GCC_WARN_UNDECLARED_SELECTOR = YES;
				GCC_WARN_UNINITIALIZED_AUTOS = YES_AGGRESSIVE;
				GCC_WARN_UNUSED_FUNCTION = YES;
				GCC_WARN_UNUSED_VARIABLE = YES;
				INFOPLIST_FILE = "RxBoilerPlate tvOS/Info.plist";
				INSTALL_PATH = "$(LOCAL_LIBRARY_DIR)/Frameworks";
				LD_RUNPATH_SEARCH_PATHS = (
					"$(inherited)",
					"@executable_path/Frameworks",
					"@loader_path/Frameworks",
				);
				MTL_ENABLE_DEBUG_INFO = NO;
				PRODUCT_BUNDLE_IDENTIFIER = "dkp.RxBoilerPlate-tvOS";
				PRODUCT_NAME = "$(TARGET_NAME:c99extidentifier)";
				SDKROOT = appletvos;
				SKIP_INSTALL = YES;
				SWIFT_COMPILATION_MODE = wholemodule;
				SWIFT_OPTIMIZATION_LEVEL = "-O";
				SWIFT_VERSION = 4.0;
				TARGETED_DEVICE_FAMILY = 3;
				TVOS_DEPLOYMENT_TARGET = 11.4;
				VALIDATE_PRODUCT = YES;
				VERSIONING_SYSTEM = "apple-generic";
				VERSION_INFO_PREFIX = "";
			};
			name = Release;
		};
/* End XCBuildConfiguration section */

/* Begin XCConfigurationList section */
		6EB41C62213EE4A3005E9BF3 /* Build configuration list for PBXProject "RxBoilerPlate" */ = {
			isa = XCConfigurationList;
			buildConfigurations = (
				6EB41C63213EE4A3005E9BF3 /* Debug */,
				6EB41C64213EE4A3005E9BF3 /* Release */,
			);
			defaultConfigurationIsVisible = 0;
			defaultConfigurationName = Release;
		};
		6EB46E0F214167F3001C65D5 /* Build configuration list for PBXNativeTarget "RxBoilderPlaceMac" */ = {
			isa = XCConfigurationList;
			buildConfigurations = (
				6EB46E10214167F3001C65D5 /* Debug */,
				6EB46E11214167F3001C65D5 /* Release */,
			);
			defaultConfigurationIsVisible = 0;
			defaultConfigurationName = Release;
		};
		6EB46E2721416A3F001C65D5 /* Build configuration list for PBXNativeTarget "RxBoilerPlate iOS" */ = {
			isa = XCConfigurationList;
			buildConfigurations = (
				6EB46E2821416A3F001C65D5 /* Debug */,
				6EB46E2921416A3F001C65D5 /* Release */,
			);
			defaultConfigurationIsVisible = 0;
			defaultConfigurationName = Release;
		};
		6EB46E3421416A7C001C65D5 /* Build configuration list for PBXNativeTarget "RxBoilerPlate WatchOS" */ = {
			isa = XCConfigurationList;
			buildConfigurations = (
				6EB46E3521416A7C001C65D5 /* Debug */,
				6EB46E3621416A7C001C65D5 /* Release */,
			);
			defaultConfigurationIsVisible = 0;
			defaultConfigurationName = Release;
		};
		6EB46E4121416A9D001C65D5 /* Build configuration list for PBXNativeTarget "RxBoilerPlate tvOS" */ = {
			isa = XCConfigurationList;
			buildConfigurations = (
				6EB46E4221416A9D001C65D5 /* Debug */,
				6EB46E4321416A9D001C65D5 /* Release */,
			);
			defaultConfigurationIsVisible = 0;
			defaultConfigurationName = Release;
		};
/* End XCConfigurationList section */
	};
	rootObject = 6EB41C5F213EE4A3005E9BF3 /* Project object */;
}
